// !$*UTF8*$!
{
	archiveVersion = 1;
	classes = {
	};
	objectVersion = 55;
	objects = {

/* Begin PBXBuildFile section */
		6490DB6C275B94C100ACF2AE /* AppDelegate.swift in Sources */ = {isa = PBXBuildFile; fileRef = 6490DB6B275B94C100ACF2AE /* AppDelegate.swift */; };
		6490DB75275B94C400ACF2AE /* Assets.xcassets in Resources */ = {isa = PBXBuildFile; fileRef = 6490DB74275B94C400ACF2AE /* Assets.xcassets */; };
		6490DB78275B94C400ACF2AE /* LaunchScreen.storyboard in Resources */ = {isa = PBXBuildFile; fileRef = 6490DB76275B94C400ACF2AE /* LaunchScreen.storyboard */; };
		6490DB86275B9B5C00ACF2AE /* ClassifiedAdListViewController.swift in Sources */ = {isa = PBXBuildFile; fileRef = 6490DB85275B9B5C00ACF2AE /* ClassifiedAdListViewController.swift */; };
		6490DB88275BA65B00ACF2AE /* Date+Extensions.swift in Sources */ = {isa = PBXBuildFile; fileRef = 6490DB87275BA65B00ACF2AE /* Date+Extensions.swift */; };
		6490DB8A275BA67300ACF2AE /* String+Extensions.swift in Sources */ = {isa = PBXBuildFile; fileRef = 6490DB89275BA67300ACF2AE /* String+Extensions.swift */; };
		6490DB8C275BA68D00ACF2AE /* UIViewController+Extensions.swift in Sources */ = {isa = PBXBuildFile; fileRef = 6490DB8B275BA68D00ACF2AE /* UIViewController+Extensions.swift */; };
		6490DB8E275BA6B100ACF2AE /* Constants.swift in Sources */ = {isa = PBXBuildFile; fileRef = 6490DB8D275BA6B100ACF2AE /* Constants.swift */; };
		6490DB90275BA6E200ACF2AE /* ClassifiedAdModel.swift in Sources */ = {isa = PBXBuildFile; fileRef = 6490DB8F275BA6E200ACF2AE /* ClassifiedAdModel.swift */; };
		6490DB92275BA6FB00ACF2AE /* CategoryModel.swift in Sources */ = {isa = PBXBuildFile; fileRef = 6490DB91275BA6FB00ACF2AE /* CategoryModel.swift */; };
		6490DB94275BA71600ACF2AE /* ClassifiedAdsViewModel.swift in Sources */ = {isa = PBXBuildFile; fileRef = 6490DB93275BA71600ACF2AE /* ClassifiedAdsViewModel.swift */; };
		6490DB96275BA73000ACF2AE /* ClassifiedAdViewModel.swift in Sources */ = {isa = PBXBuildFile; fileRef = 6490DB95275BA73000ACF2AE /* ClassifiedAdViewModel.swift */; };
		6490DB98275BA74700ACF2AE /* CategoriesViewModel.swift in Sources */ = {isa = PBXBuildFile; fileRef = 6490DB97275BA74700ACF2AE /* CategoriesViewModel.swift */; };
		6490DB9A275BA76100ACF2AE /* CategoryViewModel.swift in Sources */ = {isa = PBXBuildFile; fileRef = 6490DB99275BA76100ACF2AE /* CategoryViewModel.swift */; };
		6490DB9C275BA78500ACF2AE /* Webservice.swift in Sources */ = {isa = PBXBuildFile; fileRef = 6490DB9B275BA78500ACF2AE /* Webservice.swift */; };
		6490DB9E275BA79D00ACF2AE /* CategoryService.swift in Sources */ = {isa = PBXBuildFile; fileRef = 6490DB9D275BA79D00ACF2AE /* CategoryService.swift */; };
		6490DBA0275BA7C100ACF2AE /* ClassifiedAdService.swift in Sources */ = {isa = PBXBuildFile; fileRef = 6490DB9F275BA7C100ACF2AE /* ClassifiedAdService.swift */; };
		6490DBA2275BA7FA00ACF2AE /* ClassifiedAdDetailViewController.swift in Sources */ = {isa = PBXBuildFile; fileRef = 6490DBA1275BA7FA00ACF2AE /* ClassifiedAdDetailViewController.swift */; };
		6490DBA4275BA81500ACF2AE /* ClassifiedAdTableViewCell.swift in Sources */ = {isa = PBXBuildFile; fileRef = 6490DBA3275BA81500ACF2AE /* ClassifiedAdTableViewCell.swift */; };
		6490DBA6275BA83000ACF2AE /* CategoryListViewController.swift in Sources */ = {isa = PBXBuildFile; fileRef = 6490DBA5275BA83000ACF2AE /* CategoryListViewController.swift */; };
/* End PBXBuildFile section */

/* Begin PBXFileReference section */
		6490DB68275B94C100ACF2AE /* LeboncoinTechnicalTest.app */ = {isa = PBXFileReference; explicitFileType = wrapper.application; includeInIndex = 0; path = LeboncoinTechnicalTest.app; sourceTree = BUILT_PRODUCTS_DIR; };
		6490DB6B275B94C100ACF2AE /* AppDelegate.swift */ = {isa = PBXFileReference; lastKnownFileType = sourcecode.swift; path = AppDelegate.swift; sourceTree = "<group>"; };
		6490DB74275B94C400ACF2AE /* Assets.xcassets */ = {isa = PBXFileReference; lastKnownFileType = folder.assetcatalog; path = Assets.xcassets; sourceTree = "<group>"; };
		6490DB77275B94C400ACF2AE /* Base */ = {isa = PBXFileReference; lastKnownFileType = file.storyboard; name = Base; path = Base.lproj/LaunchScreen.storyboard; sourceTree = "<group>"; };
		6490DB79275B94C400ACF2AE /* Info.plist */ = {isa = PBXFileReference; lastKnownFileType = text.plist.xml; path = Info.plist; sourceTree = "<group>"; };
		6490DB85275B9B5C00ACF2AE /* ClassifiedAdListViewController.swift */ = {isa = PBXFileReference; lastKnownFileType = sourcecode.swift; path = ClassifiedAdListViewController.swift; sourceTree = "<group>"; };
		6490DB87275BA65B00ACF2AE /* Date+Extensions.swift */ = {isa = PBXFileReference; lastKnownFileType = sourcecode.swift; path = "Date+Extensions.swift"; sourceTree = "<group>"; };
		6490DB89275BA67300ACF2AE /* String+Extensions.swift */ = {isa = PBXFileReference; lastKnownFileType = sourcecode.swift; path = "String+Extensions.swift"; sourceTree = "<group>"; };
		6490DB8B275BA68D00ACF2AE /* UIViewController+Extensions.swift */ = {isa = PBXFileReference; lastKnownFileType = sourcecode.swift; path = "UIViewController+Extensions.swift"; sourceTree = "<group>"; };
		6490DB8D275BA6B100ACF2AE /* Constants.swift */ = {isa = PBXFileReference; lastKnownFileType = sourcecode.swift; path = Constants.swift; sourceTree = "<group>"; };
		6490DB8F275BA6E200ACF2AE /* ClassifiedAdModel.swift */ = {isa = PBXFileReference; lastKnownFileType = sourcecode.swift; path = ClassifiedAdModel.swift; sourceTree = "<group>"; };
		6490DB91275BA6FB00ACF2AE /* CategoryModel.swift */ = {isa = PBXFileReference; lastKnownFileType = sourcecode.swift; path = CategoryModel.swift; sourceTree = "<group>"; };
		6490DB93275BA71600ACF2AE /* ClassifiedAdsViewModel.swift */ = {isa = PBXFileReference; lastKnownFileType = sourcecode.swift; path = ClassifiedAdsViewModel.swift; sourceTree = "<group>"; };
		6490DB95275BA73000ACF2AE /* ClassifiedAdViewModel.swift */ = {isa = PBXFileReference; lastKnownFileType = sourcecode.swift; path = ClassifiedAdViewModel.swift; sourceTree = "<group>"; };
		6490DB97275BA74700ACF2AE /* CategoriesViewModel.swift */ = {isa = PBXFileReference; lastKnownFileType = sourcecode.swift; path = CategoriesViewModel.swift; sourceTree = "<group>"; };
		6490DB99275BA76100ACF2AE /* CategoryViewModel.swift */ = {isa = PBXFileReference; lastKnownFileType = sourcecode.swift; path = CategoryViewModel.swift; sourceTree = "<group>"; };
		6490DB9B275BA78500ACF2AE /* Webservice.swift */ = {isa = PBXFileReference; lastKnownFileType = sourcecode.swift; path = Webservice.swift; sourceTree = "<group>"; };
		6490DB9D275BA79D00ACF2AE /* CategoryService.swift */ = {isa = PBXFileReference; lastKnownFileType = sourcecode.swift; path = CategoryService.swift; sourceTree = "<group>"; };
		6490DB9F275BA7C100ACF2AE /* ClassifiedAdService.swift */ = {isa = PBXFileReference; lastKnownFileType = sourcecode.swift; path = ClassifiedAdService.swift; sourceTree = "<group>"; };
		6490DBA1275BA7FA00ACF2AE /* ClassifiedAdDetailViewController.swift */ = {isa = PBXFileReference; lastKnownFileType = sourcecode.swift; path = ClassifiedAdDetailViewController.swift; sourceTree = "<group>"; };
		6490DBA3275BA81500ACF2AE /* ClassifiedAdTableViewCell.swift */ = {isa = PBXFileReference; lastKnownFileType = sourcecode.swift; path = ClassifiedAdTableViewCell.swift; sourceTree = "<group>"; };
		6490DBA5275BA83000ACF2AE /* CategoryListViewController.swift */ = {isa = PBXFileReference; lastKnownFileType = sourcecode.swift; path = CategoryListViewController.swift; sourceTree = "<group>"; };
/* End PBXFileReference section */

/* Begin PBXFrameworksBuildPhase section */
		6490DB65275B94C100ACF2AE /* Frameworks */ = {
			isa = PBXFrameworksBuildPhase;
			buildActionMask = 2147483647;
			files = (
			);
			runOnlyForDeploymentPostprocessing = 0;
		};
/* End PBXFrameworksBuildPhase section */

/* Begin PBXGroup section */
		6490DB5F275B94C100ACF2AE = {
			isa = PBXGroup;
			children = (
				6490DB6A275B94C100ACF2AE /* LeboncoinTechnicalTest */,
				6490DB69275B94C100ACF2AE /* Products */,
			);
			sourceTree = "<group>";
		};
		6490DB69275B94C100ACF2AE /* Products */ = {
			isa = PBXGroup;
			children = (
				6490DB68275B94C100ACF2AE /* LeboncoinTechnicalTest.app */,
			);
			name = Products;
			sourceTree = "<group>";
		};
		6490DB6A275B94C100ACF2AE /* LeboncoinTechnicalTest */ = {
			isa = PBXGroup;
			children = (
				6490DB84275B95ED00ACF2AE /* Extensions */,
				6490DB83275B95E300ACF2AE /* Utils */,
				6490DB82275B95D900ACF2AE /* View Models */,
				6490DB81275B95D100ACF2AE /* Models */,
				6490DB80275B95C600ACF2AE /* Services */,
				6490DB7F275B95BD00ACF2AE /* Controllers */,
				6490DB6B275B94C100ACF2AE /* AppDelegate.swift */,
				6490DB74275B94C400ACF2AE /* Assets.xcassets */,
				6490DB76275B94C400ACF2AE /* LaunchScreen.storyboard */,
				6490DB79275B94C400ACF2AE /* Info.plist */,
			);
			path = LeboncoinTechnicalTest;
			sourceTree = "<group>";
		};
		6490DB7F275B95BD00ACF2AE /* Controllers */ = {
			isa = PBXGroup;
			children = (
				6490DB85275B9B5C00ACF2AE /* ClassifiedAdListViewController.swift */,
				6490DBA1275BA7FA00ACF2AE /* ClassifiedAdDetailViewController.swift */,
				6490DBA3275BA81500ACF2AE /* ClassifiedAdTableViewCell.swift */,
				6490DBA5275BA83000ACF2AE /* CategoryListViewController.swift */,
			);
			path = Controllers;
			sourceTree = "<group>";
		};
		6490DB80275B95C600ACF2AE /* Services */ = {
			isa = PBXGroup;
			children = (
				6490DB9B275BA78500ACF2AE /* Webservice.swift */,
				6490DB9D275BA79D00ACF2AE /* CategoryService.swift */,
				6490DB9F275BA7C100ACF2AE /* ClassifiedAdService.swift */,
			);
			path = Services;
			sourceTree = "<group>";
		};
		6490DB81275B95D100ACF2AE /* Models */ = {
			isa = PBXGroup;
			children = (
				6490DB8F275BA6E200ACF2AE /* ClassifiedAdModel.swift */,
				6490DB91275BA6FB00ACF2AE /* CategoryModel.swift */,
			);
			path = Models;
			sourceTree = "<group>";
		};
		6490DB82275B95D900ACF2AE /* View Models */ = {
			isa = PBXGroup;
			children = (
				6490DB93275BA71600ACF2AE /* ClassifiedAdsViewModel.swift */,
				6490DB95275BA73000ACF2AE /* ClassifiedAdViewModel.swift */,
				6490DB97275BA74700ACF2AE /* CategoriesViewModel.swift */,
				6490DB99275BA76100ACF2AE /* CategoryViewModel.swift */,
			);
			path = "View Models";
			sourceTree = "<group>";
		};
		6490DB83275B95E300ACF2AE /* Utils */ = {
			isa = PBXGroup;
			children = (
				6490DB8D275BA6B100ACF2AE /* Constants.swift */,
			);
			path = Utils;
			sourceTree = "<group>";
		};
		6490DB84275B95ED00ACF2AE /* Extensions */ = {
			isa = PBXGroup;
			children = (
				6490DB87275BA65B00ACF2AE /* Date+Extensions.swift */,
				6490DB89275BA67300ACF2AE /* String+Extensions.swift */,
				6490DB8B275BA68D00ACF2AE /* UIViewController+Extensions.swift */,
			);
			path = Extensions;
			sourceTree = "<group>";
		};
/* End PBXGroup section */

/* Begin PBXNativeTarget section */
		6490DB67275B94C100ACF2AE /* LeboncoinTechnicalTest */ = {
			isa = PBXNativeTarget;
			buildConfigurationList = 6490DB7C275B94C400ACF2AE /* Build configuration list for PBXNativeTarget "LeboncoinTechnicalTest" */;
			buildPhases = (
				6490DB64275B94C100ACF2AE /* Sources */,
				6490DB65275B94C100ACF2AE /* Frameworks */,
				6490DB66275B94C100ACF2AE /* Resources */,
			);
			buildRules = (
			);
			dependencies = (
			);
			name = LeboncoinTechnicalTest;
			productName = LeboncoinTechnicalTest;
			productReference = 6490DB68275B94C100ACF2AE /* LeboncoinTechnicalTest.app */;
			productType = "com.apple.product-type.application";
		};
/* End PBXNativeTarget section */

/* Begin PBXProject section */
		6490DB60275B94C100ACF2AE /* Project object */ = {
			isa = PBXProject;
			attributes = {
				BuildIndependentTargetsInParallel = 1;
				LastSwiftUpdateCheck = 1310;
				LastUpgradeCheck = 1310;
				TargetAttributes = {
					6490DB67275B94C100ACF2AE = {
						CreatedOnToolsVersion = 13.1;
					};
				};
			};
			buildConfigurationList = 6490DB63275B94C100ACF2AE /* Build configuration list for PBXProject "LeboncoinTechnicalTest" */;
			compatibilityVersion = "Xcode 13.0";
			developmentRegion = en;
			hasScannedForEncodings = 0;
			knownRegions = (
				en,
				Base,
			);
			mainGroup = 6490DB5F275B94C100ACF2AE;
			productRefGroup = 6490DB69275B94C100ACF2AE /* Products */;
			projectDirPath = "";
			projectRoot = "";
			targets = (
				6490DB67275B94C100ACF2AE /* LeboncoinTechnicalTest */,
			);
		};
/* End PBXProject section */

/* Begin PBXResourcesBuildPhase section */
		6490DB66275B94C100ACF2AE /* Resources */ = {
			isa = PBXResourcesBuildPhase;
			buildActionMask = 2147483647;
			files = (
				6490DB78275B94C400ACF2AE /* LaunchScreen.storyboard in Resources */,
				6490DB75275B94C400ACF2AE /* Assets.xcassets in Resources */,
			);
			runOnlyForDeploymentPostprocessing = 0;
		};
/* End PBXResourcesBuildPhase section */

/* Begin PBXSourcesBuildPhase section */
		6490DB64275B94C100ACF2AE /* Sources */ = {
			isa = PBXSourcesBuildPhase;
			buildActionMask = 2147483647;
			files = (
				6490DB96275BA73000ACF2AE /* ClassifiedAdViewModel.swift in Sources */,
				6490DB8A275BA67300ACF2AE /* String+Extensions.swift in Sources */,
				6490DBA6275BA83000ACF2AE /* CategoryListViewController.swift in Sources */,
				6490DB86275B9B5C00ACF2AE /* ClassifiedAdListViewController.swift in Sources */,
				6490DBA4275BA81500ACF2AE /* ClassifiedAdTableViewCell.swift in Sources */,
				6490DB9E275BA79D00ACF2AE /* CategoryService.swift in Sources */,
				6490DB8C275BA68D00ACF2AE /* UIViewController+Extensions.swift in Sources */,
				6490DBA0275BA7C100ACF2AE /* ClassifiedAdService.swift in Sources */,
				6490DB9A275BA76100ACF2AE /* CategoryViewModel.swift in Sources */,
				6490DB6C275B94C100ACF2AE /* AppDelegate.swift in Sources */,
				6490DB88275BA65B00ACF2AE /* Date+Extensions.swift in Sources */,
				6490DB92275BA6FB00ACF2AE /* CategoryModel.swift in Sources */,
				6490DB90275BA6E200ACF2AE /* ClassifiedAdModel.swift in Sources */,
				6490DB8E275BA6B100ACF2AE /* Constants.swift in Sources */,
				6490DB9C275BA78500ACF2AE /* Webservice.swift in Sources */,
				6490DB94275BA71600ACF2AE /* ClassifiedAdsViewModel.swift in Sources */,
				6490DB98275BA74700ACF2AE /* CategoriesViewModel.swift in Sources */,
				6490DBA2275BA7FA00ACF2AE /* ClassifiedAdDetailViewController.swift in Sources */,
			);
			runOnlyForDeploymentPostprocessing = 0;
		};
/* End PBXSourcesBuildPhase section */

/* Begin PBXVariantGroup section */
		6490DB76275B94C400ACF2AE /* LaunchScreen.storyboard */ = {
			isa = PBXVariantGroup;
			children = (
				6490DB77275B94C400ACF2AE /* Base */,
			);
			name = LaunchScreen.storyboard;
			sourceTree = "<group>";
		};
/* End PBXVariantGroup section */

/* Begin XCBuildConfiguration section */
		6490DB7A275B94C400ACF2AE /* Debug */ = {
			isa = XCBuildConfiguration;
			buildSettings = {
				ALWAYS_SEARCH_USER_PATHS = NO;
				CLANG_ANALYZER_NONNULL = YES;
				CLANG_ANALYZER_NUMBER_OBJECT_CONVERSION = YES_AGGRESSIVE;
				CLANG_CXX_LANGUAGE_STANDARD = "gnu++17";
				CLANG_CXX_LIBRARY = "libc++";
				CLANG_ENABLE_MODULES = YES;
				CLANG_ENABLE_OBJC_ARC = YES;
				CLANG_ENABLE_OBJC_WEAK = YES;
				CLANG_WARN_BLOCK_CAPTURE_AUTORELEASING = YES;
				CLANG_WARN_BOOL_CONVERSION = YES;
				CLANG_WARN_COMMA = YES;
				CLANG_WARN_CONSTANT_CONVERSION = YES;
				CLANG_WARN_DEPRECATED_OBJC_IMPLEMENTATIONS = YES;
				CLANG_WARN_DIRECT_OBJC_ISA_USAGE = YES_ERROR;
				CLANG_WARN_DOCUMENTATION_COMMENTS = YES;
				CLANG_WARN_EMPTY_BODY = YES;
				CLANG_WARN_ENUM_CONVERSION = YES;
				CLANG_WARN_INFINITE_RECURSION = YES;
				CLANG_WARN_INT_CONVERSION = YES;
				CLANG_WARN_NON_LITERAL_NULL_CONVERSION = YES;
				CLANG_WARN_OBJC_IMPLICIT_RETAIN_SELF = YES;
				CLANG_WARN_OBJC_LITERAL_CONVERSION = YES;
				CLANG_WARN_OBJC_ROOT_CLASS = YES_ERROR;
				CLANG_WARN_QUOTED_INCLUDE_IN_FRAMEWORK_HEADER = YES;
				CLANG_WARN_RANGE_LOOP_ANALYSIS = YES;
				CLANG_WARN_STRICT_PROTOTYPES = YES;
				CLANG_WARN_SUSPICIOUS_MOVE = YES;
				CLANG_WARN_UNGUARDED_AVAILABILITY = YES_AGGRESSIVE;
				CLANG_WARN_UNREACHABLE_CODE = YES;
				CLANG_WARN__DUPLICATE_METHOD_MATCH = YES;
				COPY_PHASE_STRIP = NO;
				DEBUG_INFORMATION_FORMAT = dwarf;
				ENABLE_STRICT_OBJC_MSGSEND = YES;
				ENABLE_TESTABILITY = YES;
				GCC_C_LANGUAGE_STANDARD = gnu11;
				GCC_DYNAMIC_NO_PIC = NO;
				GCC_NO_COMMON_BLOCKS = YES;
				GCC_OPTIMIZATION_LEVEL = 0;
				GCC_PREPROCESSOR_DEFINITIONS = (
					"DEBUG=1",
					"$(inherited)",
				);
				GCC_WARN_64_TO_32_BIT_CONVERSION = YES;
				GCC_WARN_ABOUT_RETURN_TYPE = YES_ERROR;
				GCC_WARN_UNDECLARED_SELECTOR = YES;
				GCC_WARN_UNINITIALIZED_AUTOS = YES_AGGRESSIVE;
				GCC_WARN_UNUSED_FUNCTION = YES;
				GCC_WARN_UNUSED_VARIABLE = YES;
				IPHONEOS_DEPLOYMENT_TARGET = 15.0;
				MTL_ENABLE_DEBUG_INFO = INCLUDE_SOURCE;
				MTL_FAST_MATH = YES;
				ONLY_ACTIVE_ARCH = YES;
				SDKROOT = iphoneos;
				SWIFT_ACTIVE_COMPILATION_CONDITIONS = DEBUG;
				SWIFT_OPTIMIZATION_LEVEL = "-Onone";
			};
			name = Debug;
		};
		6490DB7B275B94C400ACF2AE /* Release */ = {
			isa = XCBuildConfiguration;
			buildSettings = {
				ALWAYS_SEARCH_USER_PATHS = NO;
				CLANG_ANALYZER_NONNULL = YES;
				CLANG_ANALYZER_NUMBER_OBJECT_CONVERSION = YES_AGGRESSIVE;
				CLANG_CXX_LANGUAGE_STANDARD = "gnu++17";
				CLANG_CXX_LIBRARY = "libc++";
				CLANG_ENABLE_MODULES = YES;
				CLANG_ENABLE_OBJC_ARC = YES;
				CLANG_ENABLE_OBJC_WEAK = YES;
				CLANG_WARN_BLOCK_CAPTURE_AUTORELEASING = YES;
				CLANG_WARN_BOOL_CONVERSION = YES;
				CLANG_WARN_COMMA = YES;
				CLANG_WARN_CONSTANT_CONVERSION = YES;
				CLANG_WARN_DEPRECATED_OBJC_IMPLEMENTATIONS = YES;
				CLANG_WARN_DIRECT_OBJC_ISA_USAGE = YES_ERROR;
				CLANG_WARN_DOCUMENTATION_COMMENTS = YES;
				CLANG_WARN_EMPTY_BODY = YES;
				CLANG_WARN_ENUM_CONVERSION = YES;
				CLANG_WARN_INFINITE_RECURSION = YES;
				CLANG_WARN_INT_CONVERSION = YES;
				CLANG_WARN_NON_LITERAL_NULL_CONVERSION = YES;
				CLANG_WARN_OBJC_IMPLICIT_RETAIN_SELF = YES;
				CLANG_WARN_OBJC_LITERAL_CONVERSION = YES;
				CLANG_WARN_OBJC_ROOT_CLASS = YES_ERROR;
				CLANG_WARN_QUOTED_INCLUDE_IN_FRAMEWORK_HEADER = YES;
				CLANG_WARN_RANGE_LOOP_ANALYSIS = YES;
				CLANG_WARN_STRICT_PROTOTYPES = YES;
				CLANG_WARN_SUSPICIOUS_MOVE = YES;
				CLANG_WARN_UNGUARDED_AVAILABILITY = YES_AGGRESSIVE;
				CLANG_WARN_UNREACHABLE_CODE = YES;
				CLANG_WARN__DUPLICATE_METHOD_MATCH = YES;
				COPY_PHASE_STRIP = NO;
				DEBUG_INFORMATION_FORMAT = "dwarf-with-dsym";
				ENABLE_NS_ASSERTIONS = NO;
				ENABLE_STRICT_OBJC_MSGSEND = YES;
				GCC_C_LANGUAGE_STANDARD = gnu11;
				GCC_NO_COMMON_BLOCKS = YES;
				GCC_WARN_64_TO_32_BIT_CONVERSION = YES;
				GCC_WARN_ABOUT_RETURN_TYPE = YES_ERROR;
				GCC_WARN_UNDECLARED_SELECTOR = YES;
				GCC_WARN_UNINITIALIZED_AUTOS = YES_AGGRESSIVE;
				GCC_WARN_UNUSED_FUNCTION = YES;
				GCC_WARN_UNUSED_VARIABLE = YES;
				IPHONEOS_DEPLOYMENT_TARGET = 15.0;
				MTL_ENABLE_DEBUG_INFO = NO;
				MTL_FAST_MATH = YES;
				SDKROOT = iphoneos;
				SWIFT_COMPILATION_MODE = wholemodule;
				SWIFT_OPTIMIZATION_LEVEL = "-O";
				VALIDATE_PRODUCT = YES;
			};
			name = Release;
		};
		6490DB7D275B94C400ACF2AE /* Debug */ = {
			isa = XCBuildConfiguration;
			buildSettings = {
				ASSETCATALOG_COMPILER_APPICON_NAME = AppIcon;
				ASSETCATALOG_COMPILER_GLOBAL_ACCENT_COLOR_NAME = AccentColor;
				CODE_SIGN_STYLE = Automatic;
				CURRENT_PROJECT_VERSION = 1;
				DEVELOPMENT_TEAM = 8UXG5AHRA3;
				GENERATE_INFOPLIST_FILE = YES;
				INFOPLIST_FILE = LeboncoinTechnicalTest/Info.plist;
				INFOPLIST_KEY_UIApplicationSupportsIndirectInputEvents = YES;
				INFOPLIST_KEY_UILaunchStoryboardName = LaunchScreen;
				INFOPLIST_KEY_UISupportedInterfaceOrientations = UIInterfaceOrientationPortrait;
				INFOPLIST_KEY_UISupportedInterfaceOrientations_iPad = "UIInterfaceOrientationPortrait UIInterfaceOrientationPortraitUpsideDown UIInterfaceOrientationLandscapeLeft UIInterfaceOrientationLandscapeRight";
				INFOPLIST_KEY_UISupportedInterfaceOrientations_iPhone = "UIInterfaceOrientationPortrait UIInterfaceOrientationLandscapeLeft UIInterfaceOrientationLandscapeRight";
				LD_RUNPATH_SEARCH_PATHS = (
					"$(inherited)",
					"@executable_path/Frameworks",
				);
				MARKETING_VERSION = 1.0;
				PRODUCT_BUNDLE_IDENTIFIER = com.dimcad.LeboncoinTechnicalTest;
				PRODUCT_NAME = "$(TARGET_NAME)";
				SWIFT_EMIT_LOC_STRINGS = YES;
				SWIFT_VERSION = 5.0;
				TARGETED_DEVICE_FAMILY = "1,2";
			};
			name = Debug;
		};
		6490DB7E275B94C400ACF2AE /* Release */ = {
			isa = XCBuildConfiguration;
			buildSettings = {
				ASSETCATALOG_COMPILER_APPICON_NAME = AppIcon;
				ASSETCATALOG_COMPILER_GLOBAL_ACCENT_COLOR_NAME = AccentColor;
				CODE_SIGN_STYLE = Automatic;
				CURRENT_PROJECT_VERSION = 1;
				DEVELOPMENT_TEAM = 8UXG5AHRA3;
				GENERATE_INFOPLIST_FILE = YES;
				INFOPLIST_FILE = LeboncoinTechnicalTest/Info.plist;
				INFOPLIST_KEY_UIApplicationSupportsIndirectInputEvents = YES;
				INFOPLIST_KEY_UILaunchStoryboardName = LaunchScreen;
				INFOPLIST_KEY_UISupportedInterfaceOrientations = UIInterfaceOrientationPortrait;
				INFOPLIST_KEY_UISupportedInterfaceOrientations_iPad = "UIInterfaceOrientationPortrait UIInterfaceOrientationPortraitUpsideDown UIInterfaceOrientationLandscapeLeft UIInterfaceOrientationLandscapeRight";
				INFOPLIST_KEY_UISupportedInterfaceOrientations_iPhone = "UIInterfaceOrientationPortrait UIInterfaceOrientationLandscapeLeft UIInterfaceOrientationLandscapeRight";
				LD_RUNPATH_SEARCH_PATHS = (
					"$(inherited)",
					"@executable_path/Frameworks",
				);
				MARKETING_VERSION = 1.0;
				PRODUCT_BUNDLE_IDENTIFIER = com.dimcad.LeboncoinTechnicalTest;
				PRODUCT_NAME = "$(TARGET_NAME)";
				SWIFT_EMIT_LOC_STRINGS = YES;
				SWIFT_VERSION = 5.0;
				TARGETED_DEVICE_FAMILY = "1,2";
			};
			name = Release;
		};
/* End XCBuildConfiguration section */

/* Begin XCConfigurationList section */
		6490DB63275B94C100ACF2AE /* Build configuration list for PBXProject "LeboncoinTechnicalTest" */ = {
			isa = XCConfigurationList;
			buildConfigurations = (
				6490DB7A275B94C400ACF2AE /* Debug */,
				6490DB7B275B94C400ACF2AE /* Release */,
			);
			defaultConfigurationIsVisible = 0;
			defaultConfigurationName = Release;
		};
		6490DB7C275B94C400ACF2AE /* Build configuration list for PBXNativeTarget "LeboncoinTechnicalTest" */ = {
			isa = XCConfigurationList;
			buildConfigurations = (
				6490DB7D275B94C400ACF2AE /* Debug */,
				6490DB7E275B94C400ACF2AE /* Release */,
			);
			defaultConfigurationIsVisible = 0;
			defaultConfigurationName = Release;
		};
/* End XCConfigurationList section */
	};
	rootObject = 6490DB60275B94C100ACF2AE /* Project object */;
}
